
Microsoft Visual Studio Solution File, Format Version 10.00
# Visual C++ Express 2008
Project("{8BC9CEB8-8B4A-11D0-8D11-00A0C91BC942}") = "LockChannel", "AVL68XX_LockChannel.vcproj", "{D1954889-61C3-41E9-B419-59C2CD0F4F80}"
EndProject
Global
	GlobalSection(SolutionConfigurationPlatforms) = preSolution
		Release|Win32 = Release|Win32
	EndGlobalSection
	GlobalSection(ProjectConfigurationPlatforms) = postSolution
		{D1954889-61C3-41E9-B419-59C2CD0F4F80}.Release|Win32.ActiveCfg = Release|Win32
		{D1954889-61C3-41E9-B419-59C2CD0F4F80}.Release|Win32.Build.0 = Release|Win32
	EndGlobalSection
	GlobalSection(SolutionProperties) = preSolution
		HideSolutionNode = FALSE
	EndGlobalSection
EndGlobal
